<?xml version="1.0" encoding="utf-8"?>
<Project ToolsVersion="4.0" xmlns="http://schemas.microsoft.com/developer/msbuild/2003">
  <ItemGroup>
    <Filter Include="Common">
      <UniqueIdentifier>a32b725a-e4ef-41e8-ad90-b71486384819</UniqueIdentifier>
    </Filter>
    <Filter Include="Assets">
      <UniqueIdentifier>ed29cefb-7adf-4b36-a976-7dc6e1127ad2</UniqueIdentifier>
      <Extensions>ico;cur;bmp;dds;dlg;fbx;rct;bin;rgs;gif;jpg;jpeg;jpe;resx;tga;tiff;tif;png;wav;mfcribbon-ms</Extensions>
    </Filter>
    <Filter Include="ATG Tool Kit">
      <UniqueIdentifier>57f430f6-a51d-486a-8c09-5e8b5c3b37e4</UniqueIdentifier>
    </Filter>
    <Filter Include="Examples">
      <UniqueIdentifier>{e3cb8b93-17ef-4c82-8564-ef444c8fdcb2}</UniqueIdentifier>
    </Filter>
    <Filter Include="Scripts">
      <UniqueIdentifier>{262b5a74-8b9b-4547-b904-05f71e1d3b7f}</UniqueIdentifier>
    </Filter>
    <Filter Include="DumpToolExecutable">
      <UniqueIdentifier>{1100435d-934f-490d-a5da-e11e4a6effba}</UniqueIdentifier>
    </Filter>
    <Filter Include="SharedMemory">
      <UniqueIdentifier>{241b479c-6bd0-44e7-98f8-3b654a7ebcab}</UniqueIdentifier>
    </Filter>
  </ItemGroup>
  <ItemGroup>
    <ClInclude Include="pch.h" />
    <ClInclude Include="AdvancedExceptionHandling.h" />
    <ClInclude Include="StepTimer.h">
      <Filter>Common</Filter>
    </ClInclude>
    <ClInclude Include="DeviceResources.h">
      <Filter>Common</Filter>
    </ClInclude>
    <ClInclude Include="..\..\..\Kits\ATGTK\ATGColors.h">
      <Filter>ATG Tool Kit</Filter>
    </ClInclude>
    <ClInclude Include="..\..\..\Kits\ATGTK\FindMedia.h">
      <Filter>ATG Tool Kit</Filter>
    </ClInclude>
    <ClInclude Include="..\..\..\Kits\ATGTK\StringUtil.h">
      <Filter>ATG Tool Kit</Filter>
    </ClInclude>
    <ClInclude Include="..\..\..\Kits\ATGTelemetry\GDK\ATGTelemetry.h">
      <Filter>ATG Tool Kit</Filter>
    </ClInclude>
    <ClInclude Include="..\..\..\Kits\ATGTK\Json.h">
      <Filter>ATG Tool Kit</Filter>
    </ClInclude>
    <ClInclude Include="SharedMemory\SharedMemory.h">
      <Filter>SharedMemory</Filter>
    </ClInclude>
    <ClInclude Include="..\..\..\Kits\ATGTK\d3dx12.h">
      <Filter>ATG Tool Kit</Filter>
    </ClInclude>
    <ClInclude Include="..\..\..\Kits\ATGTK\ControllerFont.h">
      <Filter>ATG Tool Kit</Filter>
    </ClInclude>
  </ItemGroup>
  <ItemGroup>
    <ClCompile Include="pch.cpp" />
    <ClCompile Include="AdvancedExceptionHandling.cpp" />
    <ClCompile Include="Main.cpp" />
    <ClCompile Include="DeviceResources.cpp">
      <Filter>Common</Filter>
    </ClCompile>
    <ClCompile Include="..\..\..\Kits\ATGTK\StringUtil.cpp">
      <Filter>ATG Tool Kit</Filter>
    </ClCompile>
    <ClCompile Include="..\..\..\Kits\ATGTelemetry\GDK\ATGTelemetry.cpp">
      <Filter>ATG Tool Kit</Filter>
    </ClCompile>
    <ClCompile Include="Examples\PLMExceptionHandling.cpp">
      <Filter>Examples</Filter>
    </ClCompile>
    <ClCompile Include="Examples\UploadingMiniDumps.cpp">
      <Filter>Examples</Filter>
    </ClCompile>
    <ClCompile Include="Examples\OutOfProcHandler.cpp">
      <Filter>Examples</Filter>
    </ClCompile>
    <ClCompile Include="Examples\FullExceptionSystem.cpp">
      <Filter>Examples</Filter>
    </ClCompile>
    <ClCompile Include="Examples\AddingDataToWER.cpp">
      <Filter>Examples</Filter>
    </ClCompile>
    <ClCompile Include="SharedMemory\SharedMemory.cpp">
      <Filter>SharedMemory</Filter>
    </ClCompile>
  </ItemGroup>
  <ItemGroup>
    <MGCCompile Include="MicrosoftGameConfig.mgc" />
  </ItemGroup>
  <ItemGroup>
    <Image Include="Assets\Logo.png">
      <Filter>Assets</Filter>
    </Image>
    <Image Include="Assets\SmallLogo.png">
      <Filter>Assets</Filter>
    </Image>
    <Image Include="Assets\SplashScreen.png">
      <Filter>Assets</Filter>
    </Image>
    <Image Include="Assets\StoreLogo.png">
      <Filter>Assets</Filter>
    </Image>
    <Image Include="..\..\..\Media\Textures\ATGSampleBackground.DDS">
      <Filter>Assets</Filter>
    </Image>
    <Image Include="Assets\LargeLogo.png">
      <Filter>Assets</Filter>
    </Image>
  </ItemGroup>
  <ItemGroup>
    <None Include="..\..\..\Media\Fonts\SegoeUI_18.spritefont">
      <Filter>Assets</Filter>
    </None>
    <None Include="..\..\..\Media\Fonts\SegoeUI_24.spritefont">
      <Filter>Assets</Filter>
    </None>
    <None Include="..\..\..\Media\Fonts\XboxOneController.spritefont">
      <Filter>Assets</Filter>
    </None>
    <None Include="Readme_ja-JP.docx" />
    <None Include="Readme_ko-KR.docx" />
    <None Include="Readme_zh-CN.docx" />
    <None Include="Readme.docx" />
    <None Include="Scripts\Desktop.PostBuild.bat">
      <Filter>Scripts</Filter>
    </None>
    <None Include="OutOfProcDumpTool.pdb">
      <Filter>DumpToolExecutable</Filter>
    </None>
    <None Include="OutOfProcDumpTool.exe">
      <Filter>DumpToolExecutable</Filter>
    </None>
  </ItemGroup>
</Project>