<?xml version="1.0" encoding="utf-8"?>
<Project ToolsVersion="4.0" xmlns="http://schemas.microsoft.com/developer/msbuild/2003">
  <ItemGroup>
    <Filter Include="Common">
      <UniqueIdentifier>a479e809-f652-4890-8468-629f705b9394</UniqueIdentifier>
    </Filter>
    <Filter Include="Assets">
      <UniqueIdentifier>5ea1c268-dfcd-4297-b2b3-03f4d1dbf6ab</UniqueIdentifier>
      <Extensions>ico;cur;bmp;dds;dlg;fbx;rct;bin;rgs;gif;jpg;jpeg;jpe;resx;tga;tiff;tif;png;wav;mfcribbon-ms</Extensions>
    </Filter>
    <Filter Include="ATG Tool Kit">
      <UniqueIdentifier>94a51e8b-8909-4933-bc7b-678421a45948</UniqueIdentifier>
    </Filter>
    <Filter Include="External">
      <UniqueIdentifier>8b3bc54b-fdc2-42a6-bd46-19553b8ed9ab</UniqueIdentifier>
    </Filter>
    <Filter Include="Scripts">
      <UniqueIdentifier>{dde88cfe-74bd-4ee9-997c-fa43e438ac6e}</UniqueIdentifier>
    </Filter>
    <Filter Include="ATG Tool Kit\FullScreenQuad">
      <UniqueIdentifier>{2f8aed1b-e482-45c8-9a84-520e0fa3ee8a}</UniqueIdentifier>
    </Filter>
    <Filter Include="Assets\Game Images">
      <UniqueIdentifier>{81beb508-cbc7-44b6-be7a-68caade1a6b9}</UniqueIdentifier>
    </Filter>
    <Filter Include="Assets\Fonts">
      <UniqueIdentifier>{03d149aa-d8b8-4b3c-9549-48f963a1e3af}</UniqueIdentifier>
    </Filter>
    <Filter Include="Assets\Logos">
      <UniqueIdentifier>{767b4f4a-0d0c-4293-ab65-f16454b0bf81}</UniqueIdentifier>
    </Filter>
  </ItemGroup>
  <ItemGroup>
    <ClInclude Include="AutoHDR.h" />
    <ClInclude Include="StepTimer.h">
      <Filter>Common</Filter>
    </ClInclude>
    <ClInclude Include="DeviceResources.h">
      <Filter>Common</Filter>
    </ClInclude>
    <ClInclude Include="..\..\..\Kits\ATGTK\ATGColors.h">
      <Filter>ATG Tool Kit</Filter>
    </ClInclude>
    <ClInclude Include="..\..\..\Kits\ATGTelemetry\GDK\ATGTelemetry.h">
      <Filter>ATG Tool Kit</Filter>
    </ClInclude>
    <ClInclude Include="..\..\..\Kits\ATGTK\StringUtil.h">
      <Filter>ATG Tool Kit</Filter>
    </ClInclude>
    <ClInclude Include="..\..\..\Kits\ATGTK\json.h">
      <Filter>ATG Tool Kit</Filter>
    </ClInclude>
    <ClInclude Include="..\..\..\Kits\ATGTK\json\json.hpp">
      <Filter>External</Filter>
    </ClInclude>
    <ClInclude Include="..\..\..\Kits\ATGTK\ControllerFont.h">
      <Filter>ATG Tool Kit</Filter>
    </ClInclude>
    <ClInclude Include="..\..\..\Kits\ATGTK\ReadData.h">
      <Filter>ATG Tool Kit</Filter>
    </ClInclude>
    <ClInclude Include="..\..\..\Kits\ATGTK\Texture.h">
      <Filter>ATG Tool Kit</Filter>
    </ClInclude>
    <ClInclude Include="..\..\..\Kits\ATGTK\FullScreenQuad\FullScreenQuad.h">
      <Filter>ATG Tool Kit\FullScreenQuad</Filter>
    </ClInclude>
    <ClInclude Include="pch.h">
      <Filter>Common</Filter>
    </ClInclude>
    <ClInclude Include="..\..\..\Kits\ATGTK\FindMedia.h">
      <Filter>ATG Tool Kit</Filter>
    </ClInclude>
  </ItemGroup>
  <ItemGroup>
    <ClCompile Include="AutoHDR.cpp" />
    <ClCompile Include="DeviceResources.cpp">
      <Filter>Common</Filter>
    </ClCompile>
    <ClCompile Include="..\..\..\Kits\ATGTelemetry\GDK\ATGTelemetry.cpp">
      <Filter>ATG Tool Kit</Filter>
    </ClCompile>
    <ClCompile Include="..\..\..\Kits\ATGTK\StringUtil.cpp">
      <Filter>ATG Tool Kit</Filter>
    </ClCompile>
    <ClCompile Include="..\..\..\Kits\ATGTK\Texture.cpp">
      <Filter>ATG Tool Kit</Filter>
    </ClCompile>
    <ClCompile Include="..\..\..\Kits\ATGTK\FullScreenQuad\FullScreenQuad.cpp">
      <Filter>ATG Tool Kit\FullScreenQuad</Filter>
    </ClCompile>
    <ClCompile Include="pch.cpp">
      <Filter>Common</Filter>
    </ClCompile>
    <ClCompile Include="Main.cpp">
      <Filter>Common</Filter>
    </ClCompile>
  </ItemGroup>
  <ItemGroup>
    <CopyFileToFolders Include="Assets\LargeLogo.png">
      <Filter>Assets\Logos</Filter>
    </CopyFileToFolders>
    <CopyFileToFolders Include="Assets\Logo.png">
      <Filter>Assets\Logos</Filter>
    </CopyFileToFolders>
    <CopyFileToFolders Include="Assets\SmallLogo.png">
      <Filter>Assets\Logos</Filter>
    </CopyFileToFolders>
    <CopyFileToFolders Include="Assets\SplashScreen.png">
      <Filter>Assets\Logos</Filter>
    </CopyFileToFolders>
    <CopyFileToFolders Include="Assets\StoreLogo.png">
      <Filter>Assets\Logos</Filter>
    </CopyFileToFolders>
  </ItemGroup>
  <ItemGroup>
    <Image Include="..\..\..\Media\Textures\Game Images\GOW4_1.DDS">
      <Filter>Assets\Game Images</Filter>
    </Image>
    <Image Include="..\..\..\Media\Textures\Game Images\GOW4_2.DDS">
      <Filter>Assets\Game Images</Filter>
    </Image>
    <Image Include="..\..\..\Media\Textures\Game Images\GOW4_3.DDS">
      <Filter>Assets\Game Images</Filter>
    </Image>
    <Image Include="..\..\..\Media\Textures\Game Images\GOW4_4.DDS">
      <Filter>Assets\Game Images</Filter>
    </Image>
    <Image Include="..\..\..\Media\Textures\Game Images\Halo_1.DDS">
      <Filter>Assets\Game Images</Filter>
    </Image>
    <Image Include="..\..\..\Media\Textures\Game Images\Halo_2.DDS">
      <Filter>Assets\Game Images</Filter>
    </Image>
    <Image Include="..\..\..\Media\Textures\Game Images\Halo_3.DDS">
      <Filter>Assets\Game Images</Filter>
    </Image>
    <Image Include="..\..\..\Media\Textures\Game Images\Halo_4.DDS">
      <Filter>Assets\Game Images</Filter>
    </Image>
  </ItemGroup>
  <ItemGroup>
    <None Include="..\..\..\Kits\ATGTK\FullScreenQuad\FullScreenQuad.hlsli">
      <Filter>ATG Tool Kit\FullScreenQuad</Filter>
    </None>
    <None Include="..\..\..\Media\Fonts\Courier_36.spritefont">
      <Filter>Assets\Fonts</Filter>
    </None>
    <None Include="Readme_ja-JP.docx" />
    <None Include="Readme_ko-KR.docx" />
    <None Include="Readme_zh-CN.docx" />
    <None Include="Readme.docx" />
    <None Include="..\..\..\Media\Fonts\XboxOneControllerSmall.spritefont">
      <Filter>Assets\Fonts</Filter>
    </None>
  </ItemGroup>
  <ItemGroup>
    <FxCompile Include="..\..\..\Kits\ATGTK\FullScreenQuad\FullScreenQuadPS.hlsl">
      <Filter>ATG Tool Kit\FullScreenQuad</Filter>
    </FxCompile>
    <FxCompile Include="..\..\..\Kits\ATGTK\FullScreenQuad\FullScreenQuadVS.hlsl">
      <Filter>ATG Tool Kit\FullScreenQuad</Filter>
    </FxCompile>
    <FxCompile Include="..\..\..\Kits\ATGTK\FullScreenQuad\FullScreenQuadGammaPS.hlsl">
      <Filter>ATG Tool Kit\FullScreenQuad</Filter>
    </FxCompile>
  </ItemGroup>
  <ItemGroup>
    <MGCCompile Include="MicrosoftGameConfig.mgc">
      <Filter>Common</Filter>
    </MGCCompile>
  </ItemGroup>
  <ItemGroup>
    <Text Include="..\..\..\Media\Textures\Game Images\Readme.txt">
      <Filter>Assets\Game Images</Filter>
    </Text>
  </ItemGroup>
</Project>