Microsoft Visual Studio Solution File, Format Version 12.00
# Visual Studio Version 16
VisualStudioVersion = 16.0.32630.194
MinimumVisualStudioVersion = 10.0.40219.1
Project("{8BC9CEB8-8B4A-11D0-8D11-00A0C91BC942}") = "LeaderboardsTitleManaged", "LeaderboardsTitleManaged.vcxproj", "{AB73D745-9650-4C16-8202-3321F667B97F}"
EndProject
Project("{8BC9CEB8-8B4A-11D0-8D11-00A0C91BC942}") = "DirectXTK12", "..\..\..\Kits\DirectXTK12\DirectXTK12_GDK_2019.vcxproj", "{052C4858-C76F-4CEA-8A1A-E8E5559E67C2}"
EndProject
Global
	GlobalSection(SolutionConfigurationPlatforms) = preSolution
		Debug|Gaming.Desktop.x64 = Debug|Gaming.Desktop.x64
		Debug|Gaming.Xbox.Scarlett.x64 = Debug|Gaming.Xbox.Scarlett.x64
		Debug|Gaming.Xbox.XboxOne.x64 = Debug|Gaming.Xbox.XboxOne.x64
		Profile|Gaming.Desktop.x64 = Profile|Gaming.Desktop.x64
		Profile|Gaming.Xbox.Scarlett.x64 = Profile|Gaming.Xbox.Scarlett.x64
		Profile|Gaming.Xbox.XboxOne.x64 = Profile|Gaming.Xbox.XboxOne.x64
		Release|Gaming.Desktop.x64 = Release|Gaming.Desktop.x64
		Release|Gaming.Xbox.Scarlett.x64 = Release|Gaming.Xbox.Scarlett.x64
		Release|Gaming.Xbox.XboxOne.x64 = Release|Gaming.Xbox.XboxOne.x64
	EndGlobalSection
	GlobalSection(ProjectConfigurationPlatforms) = postSolution
		{AB73D745-9650-4C16-8202-3321F667B97F}.Debug|Gaming.Desktop.x64.ActiveCfg = Debug|Gaming.Desktop.x64
		{AB73D745-9650-4C16-8202-3321F667B97F}.Debug|Gaming.Desktop.x64.Build.0 = Debug|Gaming.Desktop.x64
		{AB73D745-9650-4C16-8202-3321F667B97F}.Debug|Gaming.Xbox.Scarlett.x64.ActiveCfg = Debug|Gaming.Xbox.Scarlett.x64
		{AB73D745-9650-4C16-8202-3321F667B97F}.Debug|Gaming.Xbox.Scarlett.x64.Build.0 = Debug|Gaming.Xbox.Scarlett.x64
		{AB73D745-9650-4C16-8202-3321F667B97F}.Debug|Gaming.Xbox.Scarlett.x64.Deploy.0 = Debug|Gaming.Xbox.Scarlett.x64
		{AB73D745-9650-4C16-8202-3321F667B97F}.Debug|Gaming.Xbox.XboxOne.x64.ActiveCfg = Debug|Gaming.Xbox.XboxOne.x64
		{AB73D745-9650-4C16-8202-3321F667B97F}.Debug|Gaming.Xbox.XboxOne.x64.Build.0 = Debug|Gaming.Xbox.XboxOne.x64
		{AB73D745-9650-4C16-8202-3321F667B97F}.Debug|Gaming.Xbox.XboxOne.x64.Deploy.0 = Debug|Gaming.Xbox.XboxOne.x64
		{AB73D745-9650-4C16-8202-3321F667B97F}.Profile|Gaming.Desktop.x64.ActiveCfg = Profile|Gaming.Desktop.x64
		{AB73D745-9650-4C16-8202-3321F667B97F}.Profile|Gaming.Desktop.x64.Build.0 = Profile|Gaming.Desktop.x64
		{AB73D745-9650-4C16-8202-3321F667B97F}.Profile|Gaming.Xbox.Scarlett.x64.ActiveCfg = Profile|Gaming.Xbox.Scarlett.x64
		{AB73D745-9650-4C16-8202-3321F667B97F}.Profile|Gaming.Xbox.Scarlett.x64.Build.0 = Profile|Gaming.Xbox.Scarlett.x64
		{AB73D745-9650-4C16-8202-3321F667B97F}.Profile|Gaming.Xbox.Scarlett.x64.Deploy.0 = Profile|Gaming.Xbox.Scarlett.x64
		{AB73D745-9650-4C16-8202-3321F667B97F}.Profile|Gaming.Xbox.XboxOne.x64.ActiveCfg = Profile|Gaming.Xbox.XboxOne.x64
		{AB73D745-9650-4C16-8202-3321F667B97F}.Profile|Gaming.Xbox.XboxOne.x64.Build.0 = Profile|Gaming.Xbox.XboxOne.x64
		{AB73D745-9650-4C16-8202-3321F667B97F}.Profile|Gaming.Xbox.XboxOne.x64.Deploy.0 = Profile|Gaming.Xbox.XboxOne.x64
		{AB73D745-9650-4C16-8202-3321F667B97F}.Release|Gaming.Desktop.x64.ActiveCfg = Release|Gaming.Desktop.x64
		{AB73D745-9650-4C16-8202-3321F667B97F}.Release|Gaming.Desktop.x64.Build.0 = Release|Gaming.Desktop.x64
		{AB73D745-9650-4C16-8202-3321F667B97F}.Release|Gaming.Xbox.Scarlett.x64.ActiveCfg = Release|Gaming.Xbox.Scarlett.x64
		{AB73D745-9650-4C16-8202-3321F667B97F}.Release|Gaming.Xbox.Scarlett.x64.Build.0 = Release|Gaming.Xbox.Scarlett.x64
		{AB73D745-9650-4C16-8202-3321F667B97F}.Release|Gaming.Xbox.Scarlett.x64.Deploy.0 = Release|Gaming.Xbox.Scarlett.x64
		{AB73D745-9650-4C16-8202-3321F667B97F}.Release|Gaming.Xbox.XboxOne.x64.ActiveCfg = Release|Gaming.Xbox.XboxOne.x64
		{AB73D745-9650-4C16-8202-3321F667B97F}.Release|Gaming.Xbox.XboxOne.x64.Build.0 = Release|Gaming.Xbox.XboxOne.x64
		{AB73D745-9650-4C16-8202-3321F667B97F}.Release|Gaming.Xbox.XboxOne.x64.Deploy.0 = Release|Gaming.Xbox.XboxOne.x64
		{052C4858-C76F-4CEA-8A1A-E8E5559E67C2}.Debug|Gaming.Desktop.x64.ActiveCfg = Debug|Gaming.Desktop.x64
		{052C4858-C76F-4CEA-8A1A-E8E5559E67C2}.Debug|Gaming.Desktop.x64.Build.0 = Debug|Gaming.Desktop.x64
		{052C4858-C76F-4CEA-8A1A-E8E5559E67C2}.Debug|Gaming.Xbox.Scarlett.x64.ActiveCfg = Debug|Gaming.Xbox.Scarlett.x64
		{052C4858-C76F-4CEA-8A1A-E8E5559E67C2}.Debug|Gaming.Xbox.Scarlett.x64.Build.0 = Debug|Gaming.Xbox.Scarlett.x64
		{052C4858-C76F-4CEA-8A1A-E8E5559E67C2}.Debug|Gaming.Xbox.XboxOne.x64.ActiveCfg = Debug|Gaming.Xbox.XboxOne.x64
		{052C4858-C76F-4CEA-8A1A-E8E5559E67C2}.Debug|Gaming.Xbox.XboxOne.x64.Build.0 = Debug|Gaming.Xbox.XboxOne.x64
		{052C4858-C76F-4CEA-8A1A-E8E5559E67C2}.Profile|Gaming.Desktop.x64.ActiveCfg = Profile|Gaming.Desktop.x64
		{052C4858-C76F-4CEA-8A1A-E8E5559E67C2}.Profile|Gaming.Desktop.x64.Build.0 = Profile|Gaming.Desktop.x64
		{052C4858-C76F-4CEA-8A1A-E8E5559E67C2}.Profile|Gaming.Xbox.Scarlett.x64.ActiveCfg = Profile|Gaming.Xbox.Scarlett.x64
		{052C4858-C76F-4CEA-8A1A-E8E5559E67C2}.Profile|Gaming.Xbox.Scarlett.x64.Build.0 = Profile|Gaming.Xbox.Scarlett.x64
		{052C4858-C76F-4CEA-8A1A-E8E5559E67C2}.Profile|Gaming.Xbox.XboxOne.x64.ActiveCfg = Profile|Gaming.Xbox.XboxOne.x64
		{052C4858-C76F-4CEA-8A1A-E8E5559E67C2}.Profile|Gaming.Xbox.XboxOne.x64.Build.0 = Profile|Gaming.Xbox.XboxOne.x64
		{052C4858-C76F-4CEA-8A1A-E8E5559E67C2}.Release|Gaming.Desktop.x64.ActiveCfg = Release|Gaming.Desktop.x64
		{052C4858-C76F-4CEA-8A1A-E8E5559E67C2}.Release|Gaming.Desktop.x64.Build.0 = Release|Gaming.Desktop.x64
		{052C4858-C76F-4CEA-8A1A-E8E5559E67C2}.Release|Gaming.Xbox.Scarlett.x64.ActiveCfg = Release|Gaming.Xbox.Scarlett.x64
		{052C4858-C76F-4CEA-8A1A-E8E5559E67C2}.Release|Gaming.Xbox.Scarlett.x64.Build.0 = Release|Gaming.Xbox.Scarlett.x64
		{052C4858-C76F-4CEA-8A1A-E8E5559E67C2}.Release|Gaming.Xbox.XboxOne.x64.ActiveCfg = Release|Gaming.Xbox.XboxOne.x64
		{052C4858-C76F-4CEA-8A1A-E8E5559E67C2}.Release|Gaming.Xbox.XboxOne.x64.Build.0 = Release|Gaming.Xbox.XboxOne.x64
	EndGlobalSection
	GlobalSection(SolutionProperties) = preSolution
		HideSolutionNode = FALSE
	EndGlobalSection
	GlobalSection(ExtensibilityGlobals) = postSolution
		SolutionGuid = {5BB42CE3-94A4-43B6-A82D-6A275F76163F}
	EndGlobalSection
EndGlobal
