<?xml version="1.0" encoding="utf-8"?>
<Project ToolsVersion="4.0" xmlns="http://schemas.microsoft.com/developer/msbuild/2003">
  <ItemGroup>
    <Filter Include="Common">
      <UniqueIdentifier>cc089210-97f3-4011-b8a3-a72dba794eb1</UniqueIdentifier>
    </Filter>
    <Filter Include="Assets">
      <UniqueIdentifier>c1968aaf-7e16-4c3d-af3e-ffc1b8996d65</UniqueIdentifier>
      <Extensions>ico;cur;bmp;dds;dlg;fbx;rct;bin;rgs;gif;jpg;jpeg;jpe;resx;tga;tiff;tif;png;wav;mfcribbon-ms</Extensions>
    </Filter>
    <Filter Include="ATG Tool Kit">
      <UniqueIdentifier>1706572c-c547-460d-b2dd-ddec53c81dc4</UniqueIdentifier>
    </Filter>
    <Filter Include="External">
      <UniqueIdentifier>c3e855ca-698f-48a0-a00a-ee2f42783d96</UniqueIdentifier>
    </Filter>
    <Filter Include="Scripts">
      <UniqueIdentifier>{ee99bbe9-0dde-49db-ab57-a1ed863f214c}</UniqueIdentifier>
    </Filter>
    <Filter Include="Shaders">
      <UniqueIdentifier>{3dc58fdb-a56e-404f-afcc-73b360d70eea}</UniqueIdentifier>
    </Filter>
    <Filter Include="Media">
      <UniqueIdentifier>{ec1e8fda-75fe-400e-a96e-86f0170bbb28}</UniqueIdentifier>
    </Filter>
    <Filter Include="Media\AbstractCathedral">
      <UniqueIdentifier>{5df865aa-6da8-42a4-ab4b-8fd4088cb56e}</UniqueIdentifier>
    </Filter>
    <Filter Include="Media\Fonts">
      <UniqueIdentifier>{c1c45339-13b7-4713-aaec-15ffe30e1b75}</UniqueIdentifier>
    </Filter>
  </ItemGroup>
  <ItemGroup>
    <ClInclude Include="pch.h" />
    <ClInclude Include="AdvancedLighting.h" />
    <ClInclude Include="StepTimer.h">
      <Filter>Common</Filter>
    </ClInclude>
    <ClInclude Include="DeviceResources.h">
      <Filter>Common</Filter>
    </ClInclude>
    <ClInclude Include="..\..\..\Kits\ATGTK\ATGColors.h">
      <Filter>ATG Tool Kit</Filter>
    </ClInclude>
    <ClInclude Include="..\..\..\Kits\ATGTelemetry\GDK\ATGTelemetry.h">
      <Filter>ATG Tool Kit</Filter>
    </ClInclude>
    <ClInclude Include="..\..\..\Kits\ATGTK\d3dx12.h">
      <Filter>ATG Tool Kit</Filter>
    </ClInclude>
    <ClInclude Include="..\..\..\Kits\ATGTK\FindMedia.h">
      <Filter>ATG Tool Kit</Filter>
    </ClInclude>
    <ClInclude Include="..\..\..\Kits\ATGTK\StringUtil.h">
      <Filter>ATG Tool Kit</Filter>
    </ClInclude>
    <ClInclude Include="..\..\..\Kits\ATGTK\json.h">
      <Filter>ATG Tool Kit</Filter>
    </ClInclude>
    <ClInclude Include="..\..\..\Kits\ATGTK\json\json.hpp">
      <Filter>External</Filter>
    </ClInclude>
    <ClInclude Include="..\..\..\Kits\ATGTK\ReadCompressedData.h">
      <Filter>ATG Tool Kit</Filter>
    </ClInclude>
    <ClInclude Include="..\..\..\Kits\ATGTK\ReadData.h">
      <Filter>ATG Tool Kit</Filter>
    </ClInclude>
    <ClInclude Include="..\..\..\Kits\ATGTK\FullScreenQuad\FullScreenQuad.h">
      <Filter>ATG Tool Kit</Filter>
    </ClInclude>
    <ClInclude Include="..\..\..\Kits\ATGTK\FlyCamera.h">
      <Filter>ATG Tool Kit</Filter>
    </ClInclude>
    <ClInclude Include="LightParticle.h" />
    <ClInclude Include="utils.h" />
    <ClInclude Include="..\..\..\Kits\ATGTK\ControllerFont.h">
      <Filter>ATG Tool Kit</Filter>
    </ClInclude>
    <ClInclude Include="..\..\..\Kits\ATGTK\PerformanceTimers.h">
      <Filter>ATG Tool Kit</Filter>
    </ClInclude>
    <ClInclude Include="..\..\..\Kits\ATGTK\PerformanceTimersXbox.h">
      <Filter>ATG Tool Kit</Filter>
    </ClInclude>
  </ItemGroup>
  <ItemGroup>
    <ClCompile Include="pch.cpp" />
    <ClCompile Include="AdvancedLighting.cpp" />
    <ClCompile Include="DeviceResources.cpp">
      <Filter>Common</Filter>
    </ClCompile>
    <ClCompile Include="..\..\..\Kits\ATGTelemetry\GDK\ATGTelemetry.cpp">
      <Filter>ATG Tool Kit</Filter>
    </ClCompile>
    <ClCompile Include="..\..\..\Kits\ATGTK\StringUtil.cpp">
      <Filter>ATG Tool Kit</Filter>
    </ClCompile>
    <ClCompile Include="Main.cpp">
      <Filter>Common</Filter>
    </ClCompile>
    <ClCompile Include="..\..\..\Kits\ATGTK\ReadCompressedData.cpp">
      <Filter>ATG Tool Kit</Filter>
    </ClCompile>
    <ClCompile Include="..\..\..\Kits\ATGTK\FullScreenQuad\FullScreenQuad.cpp">
      <Filter>ATG Tool Kit</Filter>
    </ClCompile>
    <ClCompile Include="..\..\..\Kits\ATGTK\FlyCamera.cpp">
      <Filter>ATG Tool Kit</Filter>
    </ClCompile>
    <ClCompile Include="..\..\..\Kits\ATGTK\PerformanceTimers.cpp">
      <Filter>ATG Tool Kit</Filter>
    </ClCompile>
    <ClCompile Include="..\..\..\Kits\ATGTK\PerformanceTimersXbox.cpp">
      <Filter>ATG Tool Kit</Filter>
    </ClCompile>
    <ClCompile Include="LightParticle.cpp" />
  </ItemGroup>
  <ItemGroup>
    <MGCCompile Include="MicrosoftGameConfig.mgc" />
  </ItemGroup>
  <ItemGroup>
    <CopyFileToFolders Include="Assets\Logo.png">
      <Filter>Assets</Filter>
    </CopyFileToFolders>
    <CopyFileToFolders Include="Assets\LargeLogo.png">
      <Filter>Assets</Filter>
    </CopyFileToFolders>
    <CopyFileToFolders Include="Assets\SmallLogo.png">
      <Filter>Assets</Filter>
    </CopyFileToFolders>
    <CopyFileToFolders Include="Assets\SplashScreen.png">
      <Filter>Assets</Filter>
    </CopyFileToFolders>
    <CopyFileToFolders Include="Assets\StoreLogo.png">
      <Filter>Assets</Filter>
    </CopyFileToFolders>
  </ItemGroup>
  <ItemGroup>
    <None Include="Shaders\shared.hlsli">
      <Filter>Shaders</Filter>
    </None>
    <None Include="Shaders\GPassCommon.hlsli">
      <Filter>Shaders</Filter>
    </None>
    <None Include="..\..\..\Media\Meshes\AbstractCathedral\AbstractCathedral.sdkmes_">
      <Filter>Media\AbstractCathedral</Filter>
    </None>
    <None Include="..\..\..\Kits\ATGTK\FullScreenQuad\FullScreenQuad.hlsli">
      <Filter>ATG Tool Kit</Filter>
    </None>
    <None Include="Shaders\InstancedLightVolumesCommon.hlsli">
      <Filter>Shaders</Filter>
    </None>
    <None Include="..\..\..\Media\Fonts\SegoeUI_18.spritefont">
      <Filter>Media\Fonts</Filter>
    </None>
    <None Include="Shaders\ParticleCommon.hlsli">
      <Filter>Shaders</Filter>
    </None>
    <None Include="..\..\..\Media\Fonts\XboxOneControllerLegend.spritefont">
      <Filter>Media\Fonts</Filter>
    </None>
    <None Include="..\..\..\Media\Fonts\XboxOneControllerLegendSmall.spritefont">
      <Filter>Media\Fonts</Filter>
    </None>
    <None Include="Scripts\Desktop.PostBuild.bat">
      <Filter>Scripts</Filter>
    </None>
    <None Include="..\..\NuGet.config" />
    <None Include="readme.md" />
    <None Include="readme_ja-jp.md" />
    <None Include="readme_ko-kr.md" />
    <None Include="readme_zh-cn.md" />
    <None Include="packages.config" />
  </ItemGroup>
  <ItemGroup>
    <FxCompile Include="Shaders\GPassPS.hlsl">
      <Filter>Shaders</Filter>
    </FxCompile>
    <FxCompile Include="Shaders\GPassVertex.hlsl">
      <Filter>Shaders</Filter>
    </FxCompile>
    <FxCompile Include="Shaders\AmbientVS.hlsl">
      <Filter>Shaders</Filter>
    </FxCompile>
    <FxCompile Include="..\..\..\Kits\ATGTK\FullScreenQuad\FullScreenQuadVS.hlsl">
      <Filter>ATG Tool Kit</Filter>
    </FxCompile>
    <FxCompile Include="Shaders\AmbientPS.hlsl">
      <Filter>Shaders</Filter>
    </FxCompile>
    <FxCompile Include="Shaders\ClusteredCompute.hlsl">
      <Filter>Shaders</Filter>
    </FxCompile>
    <FxCompile Include="Shaders\InstancedLightVolumesPS.hlsl">
      <Filter>Shaders</Filter>
    </FxCompile>
    <FxCompile Include="Shaders\InstancedLightVolumesVS.hlsl">
      <Filter>Shaders</Filter>
    </FxCompile>
    <FxCompile Include="Shaders\LightBinningCompute.hlsl">
      <Filter>Shaders</Filter>
    </FxCompile>
    <FxCompile Include="Shaders\ParticlePS.hlsl">
      <Filter>Shaders</Filter>
    </FxCompile>
    <FxCompile Include="Shaders\ParticleVS.hlsl">
      <Filter>Shaders</Filter>
    </FxCompile>
    <FxCompile Include="Shaders\ParticlesCompute.hlsl">
      <Filter>Shaders</Filter>
    </FxCompile>
  </ItemGroup>
  <ItemGroup>
    <Image Include="..\..\..\Media\Meshes\AbstractCathedral\CelingCubesLightingMap.dds">
      <Filter>Media\AbstractCathedral</Filter>
    </Image>
    <Image Include="..\..\..\Media\Meshes\AbstractCathedral\Cement.dds">
      <Filter>Media\AbstractCathedral</Filter>
    </Image>
    <Image Include="..\..\..\Media\Meshes\AbstractCathedral\CenterCubes.dds">
      <Filter>Media\AbstractCathedral</Filter>
    </Image>
    <Image Include="..\..\..\Media\Meshes\AbstractCathedral\CenterCubesLightingMap.dds">
      <Filter>Media\AbstractCathedral</Filter>
    </Image>
    <Image Include="..\..\..\Media\Meshes\AbstractCathedral\CenterLightingMap.dds">
      <Filter>Media\AbstractCathedral</Filter>
    </Image>
    <Image Include="..\..\..\Media\Meshes\AbstractCathedral\CenterPool.dds">
      <Filter>Media\AbstractCathedral</Filter>
    </Image>
    <Image Include="..\..\..\Media\Meshes\AbstractCathedral\CenterRimLightingMap.dds">
      <Filter>Media\AbstractCathedral</Filter>
    </Image>
    <Image Include="..\..\..\Media\Meshes\AbstractCathedral\EndBoxes2LightingMap.dds">
      <Filter>Media\AbstractCathedral</Filter>
    </Image>
    <Image Include="..\..\..\Media\Meshes\AbstractCathedral\EndCubes1LightingMap.dds">
      <Filter>Media\AbstractCathedral</Filter>
    </Image>
    <Image Include="..\..\..\Media\Meshes\AbstractCathedral\FloorLightingMap .dds">
      <Filter>Media\AbstractCathedral</Filter>
    </Image>
    <Image Include="..\..\..\Media\Meshes\AbstractCathedral\GridLightingMap.dds">
      <Filter>Media\AbstractCathedral</Filter>
    </Image>
    <Image Include="..\..\..\Media\Meshes\AbstractCathedral\Light.dds">
      <Filter>Media\AbstractCathedral</Filter>
    </Image>
    <Image Include="..\..\..\Media\Meshes\AbstractCathedral\Mosaic3.dds">
      <Filter>Media\AbstractCathedral</Filter>
    </Image>
    <Image Include="..\..\..\Media\Meshes\AbstractCathedral\Pillar.dds">
      <Filter>Media\AbstractCathedral</Filter>
    </Image>
    <Image Include="..\..\..\Media\Meshes\AbstractCathedral\PillarBase.dds">
      <Filter>Media\AbstractCathedral</Filter>
    </Image>
    <Image Include="..\..\..\Media\Meshes\AbstractCathedral\PillarBasesLightingMap.dds">
      <Filter>Media\AbstractCathedral</Filter>
    </Image>
    <Image Include="..\..\..\Media\Meshes\AbstractCathedral\PillarsLightingMap.dds">
      <Filter>Media\AbstractCathedral</Filter>
    </Image>
    <Image Include="..\..\..\Media\Meshes\AbstractCathedral\Rust.dds">
      <Filter>Media\AbstractCathedral</Filter>
    </Image>
    <Image Include="..\..\..\Media\Meshes\AbstractCathedral\Sky.dds">
      <Filter>Media\AbstractCathedral</Filter>
    </Image>
    <Image Include="..\..\..\Media\Meshes\AbstractCathedral\StripeConcrete.dds">
      <Filter>Media\AbstractCathedral</Filter>
    </Image>
  </ItemGroup>
</Project>