<?xml version="1.0" encoding="utf-8"?>
<Project ToolsVersion="4.0" xmlns="http://schemas.microsoft.com/developer/msbuild/2003">
  <ItemGroup>
    <Filter Include="Common">
      <UniqueIdentifier>a1179981-9a4e-46e4-877b-eb99c949b093</UniqueIdentifier>
    </Filter>
    <Filter Include="Assets">
      <UniqueIdentifier>1ff1b65c-7bb0-4788-b1f3-db84806ae06b</UniqueIdentifier>
      <Extensions>ico;cur;bmp;dds;dlg;fbx;rct;bin;rgs;gif;jpg;jpeg;jpe;resx;tga;tiff;tif;png;wav;mfcribbon-ms</Extensions>
    </Filter>
    <Filter Include="ATG Tool Kit">
      <UniqueIdentifier>82bbd856-4863-4303-a49c-ba1565650057</UniqueIdentifier>
    </Filter>
    <Filter Include="External">
      <UniqueIdentifier>e1320c59-5fff-46b7-9839-ad68f064e8aa</UniqueIdentifier>
    </Filter>
    <Filter Include="Scripts">
      <UniqueIdentifier>{886dddf7-d2db-45d8-bacb-e2972bca3786}</UniqueIdentifier>
    </Filter>
    <Filter Include="Assets\Fonts">
      <UniqueIdentifier>{75b76315-68fd-4a7b-a73c-9d8c46ea5fec}</UniqueIdentifier>
    </Filter>
    <Filter Include="Assets\Layouts">
      <UniqueIdentifier>{9d92d5bf-4851-4ae5-9d6b-91a4ce29bf89}</UniqueIdentifier>
    </Filter>
    <Filter Include="Assets\Textures">
      <UniqueIdentifier>{dc55d361-67a2-4999-9987-b584d752252d}</UniqueIdentifier>
    </Filter>
    <Filter Include="SampleLogic">
      <UniqueIdentifier>{dcc9dd63-38e9-4aa2-b520-9803423253b9}</UniqueIdentifier>
    </Filter>
    <Filter Include="Matchmaking">
      <UniqueIdentifier>{fd927c13-a733-46a8-b96f-df05252c20e1}</UniqueIdentifier>
    </Filter>
    <Filter Include="Live Tool Kit">
      <UniqueIdentifier>{80e14a36-9dbe-4643-85f1-3550fb6917a7}</UniqueIdentifier>
    </Filter>
    <Filter Include="UI">
      <UniqueIdentifier>{1fda58c2-2b81-4e04-83c6-79b75cb5c417}</UniqueIdentifier>
    </Filter>
    <Filter Include="PlayFabGDK">
      <UniqueIdentifier>{b1c472bb-616b-492b-b1c6-e35890b6d044}</UniqueIdentifier>
    </Filter>
    <Filter Include="PlayFabGDK\inc">
      <UniqueIdentifier>{aeea9f9e-bdf9-4e42-832d-130890b5f34c}</UniqueIdentifier>
    </Filter>
    <Filter Include="PlayFabGDK\lib">
      <UniqueIdentifier>{8dd0bb79-82b8-4d0e-88ac-8921cf7087c3}</UniqueIdentifier>
    </Filter>
    <Filter Include="PlayFabGDK\inc\json">
      <UniqueIdentifier>{5089ef30-c7a8-41b8-8f02-acaed407e723}</UniqueIdentifier>
    </Filter>
    <Filter Include="PlayFabGDK\inc\playfab">
      <UniqueIdentifier>{c7d6c0d5-e7f0-488b-bf65-3ab26341ffa7}</UniqueIdentifier>
    </Filter>
    <Filter Include="PlayFabGDK\inc\playfab\qos">
      <UniqueIdentifier>{c73f21c5-671c-41cc-a633-61d1d8adcf30}</UniqueIdentifier>
    </Filter>
    <Filter Include="PlayFabGDK\lib\Gaming.Xbox.Scarlett.x64">
      <UniqueIdentifier>{997b1ed8-3bf8-41c0-94db-10db1e762876}</UniqueIdentifier>
    </Filter>
    <Filter Include="PlayFabGDK\lib\Gaming.Xbox.XboxOne.x64">
      <UniqueIdentifier>{a8c42d52-b239-4214-9017-4cc26313ecad}</UniqueIdentifier>
    </Filter>
    <Filter Include="PlayFabGDK\lib\Gaming.Xbox.Scarlett.x64\Debug">
      <UniqueIdentifier>{05fcde9f-dc7f-48d3-8bb1-d0483a5f2a4b}</UniqueIdentifier>
    </Filter>
    <Filter Include="PlayFabGDK\lib\Gaming.Xbox.Scarlett.x64\Release">
      <UniqueIdentifier>{d179656a-77fb-4760-9b93-7c252440e199}</UniqueIdentifier>
    </Filter>
    <Filter Include="PlayFabGDK\lib\Gaming.Xbox.XboxOne.x64\Debug">
      <UniqueIdentifier>{950e11fe-de18-4f05-a5e3-ac16fa497308}</UniqueIdentifier>
    </Filter>
    <Filter Include="PlayFabGDK\lib\Gaming.Xbox.XboxOne.x64\Release">
      <UniqueIdentifier>{0325b82d-dced-4932-8ed0-4c1697ba9d39}</UniqueIdentifier>
    </Filter>
  </ItemGroup>
  <ItemGroup>
    <ClInclude Include="pch.h" />
    <ClInclude Include="PlayFabMatchmaking_Xbox.h" />
    <ClInclude Include="StepTimer.h">
      <Filter>Common</Filter>
    </ClInclude>
    <ClInclude Include="DeviceResources.h">
      <Filter>Common</Filter>
    </ClInclude>
    <ClInclude Include="..\..\..\Kits\ATGTK\ATGColors.h">
      <Filter>ATG Tool Kit</Filter>
    </ClInclude>
    <ClInclude Include="..\..\..\Kits\ATGTelemetry\GDK\ATGTelemetry.h">
      <Filter>ATG Tool Kit</Filter>
    </ClInclude>
    <ClInclude Include="..\..\..\Kits\ATGTK\StringUtil.h">
      <Filter>ATG Tool Kit</Filter>
    </ClInclude>
    <ClInclude Include="..\..\..\Kits\ATGTK\json.h">
      <Filter>ATG Tool Kit</Filter>
    </ClInclude>
    <ClInclude Include="..\..\..\Kits\ATGTK\json\json.hpp">
      <Filter>External</Filter>
    </ClInclude>
    <ClInclude Include="PlayFabMatchmakingManager.h">
      <Filter>Matchmaking</Filter>
    </ClInclude>
    <ClInclude Include="..\..\..\Kits\LiveTK\LiveInfoHUD.h">
      <Filter>Live Tool Kit</Filter>
    </ClInclude>
    <ClInclude Include="..\..\..\Kits\LiveTK\LiveResources.h">
      <Filter>Live Tool Kit</Filter>
    </ClInclude>
    <ClInclude Include="AsyncStatusWidget.h">
      <Filter>UI</Filter>
    </ClInclude>
    <ClInclude Include="..\..\..\Kits\ATGTK\FindMedia.h">
      <Filter>ATG Tool Kit</Filter>
    </ClInclude>
    <ClInclude Include="..\..\..\Kits\PlayFabGDK\include\json\allocator.h">
      <Filter>PlayFabGDK\inc\json</Filter>
    </ClInclude>
    <ClInclude Include="..\..\..\Kits\PlayFabGDK\include\json\assertions.h">
      <Filter>PlayFabGDK\inc\json</Filter>
    </ClInclude>
    <ClInclude Include="..\..\..\Kits\PlayFabGDK\include\json\autolink.h">
      <Filter>PlayFabGDK\inc\json</Filter>
    </ClInclude>
    <ClInclude Include="..\..\..\Kits\PlayFabGDK\include\json\config.h">
      <Filter>PlayFabGDK\inc\json</Filter>
    </ClInclude>
    <ClInclude Include="..\..\..\Kits\PlayFabGDK\include\json\features.h">
      <Filter>PlayFabGDK\inc\json</Filter>
    </ClInclude>
    <ClInclude Include="..\..\..\Kits\PlayFabGDK\include\json\forwards.h">
      <Filter>PlayFabGDK\inc\json</Filter>
    </ClInclude>
    <ClInclude Include="..\..\..\Kits\PlayFabGDK\include\json\json.h">
      <Filter>PlayFabGDK\inc\json</Filter>
    </ClInclude>
    <ClInclude Include="..\..\..\Kits\PlayFabGDK\include\json\reader.h">
      <Filter>PlayFabGDK\inc\json</Filter>
    </ClInclude>
    <ClInclude Include="..\..\..\Kits\PlayFabGDK\include\json\value.h">
      <Filter>PlayFabGDK\inc\json</Filter>
    </ClInclude>
    <ClInclude Include="..\..\..\Kits\PlayFabGDK\include\json\version.h">
      <Filter>PlayFabGDK\inc\json</Filter>
    </ClInclude>
    <ClInclude Include="..\..\..\Kits\PlayFabGDK\include\json\writer.h">
      <Filter>PlayFabGDK\inc\json</Filter>
    </ClInclude>
    <ClInclude Include="..\..\..\Kits\PlayFabGDK\include\playfab\PlayFabAdminApi.h">
      <Filter>PlayFabGDK\inc\playfab</Filter>
    </ClInclude>
    <ClInclude Include="..\..\..\Kits\PlayFabGDK\include\playfab\PlayFabAdminDataModels.h">
      <Filter>PlayFabGDK\inc\playfab</Filter>
    </ClInclude>
    <ClInclude Include="..\..\..\Kits\PlayFabGDK\include\playfab\PlayFabAdminInstanceApi.h">
      <Filter>PlayFabGDK\inc\playfab</Filter>
    </ClInclude>
    <ClInclude Include="..\..\..\Kits\PlayFabGDK\include\playfab\PlayFabAndroidHttpPlugin.h">
      <Filter>PlayFabGDK\inc\playfab</Filter>
    </ClInclude>
    <ClInclude Include="..\..\..\Kits\PlayFabGDK\include\playfab\PlayFabApiSettings.h">
      <Filter>PlayFabGDK\inc\playfab</Filter>
    </ClInclude>
    <ClInclude Include="..\..\..\Kits\PlayFabGDK\include\playfab\PlayFabAuthenticationApi.h">
      <Filter>PlayFabGDK\inc\playfab</Filter>
    </ClInclude>
    <ClInclude Include="..\..\..\Kits\PlayFabGDK\include\playfab\PlayFabAuthenticationContext.h">
      <Filter>PlayFabGDK\inc\playfab</Filter>
    </ClInclude>
    <ClInclude Include="..\..\..\Kits\PlayFabGDK\include\playfab\PlayFabAuthenticationDataModels.h">
      <Filter>PlayFabGDK\inc\playfab</Filter>
    </ClInclude>
    <ClInclude Include="..\..\..\Kits\PlayFabGDK\include\playfab\PlayFabAuthenticationInstanceApi.h">
      <Filter>PlayFabGDK\inc\playfab</Filter>
    </ClInclude>
    <ClInclude Include="..\..\..\Kits\PlayFabGDK\include\playfab\PlayFabBaseModel.h">
      <Filter>PlayFabGDK\inc\playfab</Filter>
    </ClInclude>
    <ClInclude Include="..\..\..\Kits\PlayFabGDK\include\playfab\PlayFabCallRequestContainer.h">
      <Filter>PlayFabGDK\inc\playfab</Filter>
    </ClInclude>
    <ClInclude Include="..\..\..\Kits\PlayFabGDK\include\playfab\PlayFabCallRequestContainerBase.h">
      <Filter>PlayFabGDK\inc\playfab</Filter>
    </ClInclude>
    <ClInclude Include="..\..\..\Kits\PlayFabGDK\include\playfab\PlayFabClientApi.h">
      <Filter>PlayFabGDK\inc\playfab</Filter>
    </ClInclude>
    <ClInclude Include="..\..\..\Kits\PlayFabGDK\include\playfab\PlayFabClientDataModels.h">
      <Filter>PlayFabGDK\inc\playfab</Filter>
    </ClInclude>
    <ClInclude Include="..\..\..\Kits\PlayFabGDK\include\playfab\PlayFabClientInstanceApi.h">
      <Filter>PlayFabGDK\inc\playfab</Filter>
    </ClInclude>
    <ClInclude Include="..\..\..\Kits\PlayFabGDK\include\playfab\PlayFabCloudScriptApi.h">
      <Filter>PlayFabGDK\inc\playfab</Filter>
    </ClInclude>
    <ClInclude Include="..\..\..\Kits\PlayFabGDK\include\playfab\PlayFabCloudScriptDataModels.h">
      <Filter>PlayFabGDK\inc\playfab</Filter>
    </ClInclude>
    <ClInclude Include="..\..\..\Kits\PlayFabGDK\include\playfab\PlayFabCloudScriptInstanceApi.h">
      <Filter>PlayFabGDK\inc\playfab</Filter>
    </ClInclude>
    <ClInclude Include="..\..\..\Kits\PlayFabGDK\include\playfab\PlayFabCurlHttpPlugin.h">
      <Filter>PlayFabGDK\inc\playfab</Filter>
    </ClInclude>
    <ClInclude Include="..\..\..\Kits\PlayFabGDK\include\playfab\PlayFabDataApi.h">
      <Filter>PlayFabGDK\inc\playfab</Filter>
    </ClInclude>
    <ClInclude Include="..\..\..\Kits\PlayFabGDK\include\playfab\PlayFabDataDataModels.h">
      <Filter>PlayFabGDK\inc\playfab</Filter>
    </ClInclude>
    <ClInclude Include="..\..\..\Kits\PlayFabGDK\include\playfab\PlayFabDataInstanceApi.h">
      <Filter>PlayFabGDK\inc\playfab</Filter>
    </ClInclude>
    <ClInclude Include="..\..\..\Kits\PlayFabGDK\include\playfab\PlayFabError.h">
      <Filter>PlayFabGDK\inc\playfab</Filter>
    </ClInclude>
    <ClInclude Include="..\..\..\Kits\PlayFabGDK\include\playfab\PlayFabEvent.h">
      <Filter>PlayFabGDK\inc\playfab</Filter>
    </ClInclude>
    <ClInclude Include="..\..\..\Kits\PlayFabGDK\include\playfab\PlayFabEventApi.h">
      <Filter>PlayFabGDK\inc\playfab</Filter>
    </ClInclude>
    <ClInclude Include="..\..\..\Kits\PlayFabGDK\include\playfab\PlayFabEventBuffer.h">
      <Filter>PlayFabGDK\inc\playfab</Filter>
    </ClInclude>
    <ClInclude Include="..\..\..\Kits\PlayFabGDK\include\playfab\PlayFabEventPipeline.h">
      <Filter>PlayFabGDK\inc\playfab</Filter>
    </ClInclude>
    <ClInclude Include="..\..\..\Kits\PlayFabGDK\include\playfab\PlayFabEventRouter.h">
      <Filter>PlayFabGDK\inc\playfab</Filter>
    </ClInclude>
    <ClInclude Include="..\..\..\Kits\PlayFabGDK\include\playfab\PlayFabEventsApi.h">
      <Filter>PlayFabGDK\inc\playfab</Filter>
    </ClInclude>
    <ClInclude Include="..\..\..\Kits\PlayFabGDK\include\playfab\PlayFabEventsDataModels.h">
      <Filter>PlayFabGDK\inc\playfab</Filter>
    </ClInclude>
    <ClInclude Include="..\..\..\Kits\PlayFabGDK\include\playfab\PlayFabEventsInstanceApi.h">
      <Filter>PlayFabGDK\inc\playfab</Filter>
    </ClInclude>
    <ClInclude Include="..\..\..\Kits\PlayFabGDK\include\playfab\PlayFabExperimentationApi.h">
      <Filter>PlayFabGDK\inc\playfab</Filter>
    </ClInclude>
    <ClInclude Include="..\..\..\Kits\PlayFabGDK\include\playfab\PlayFabExperimentationDataModels.h">
      <Filter>PlayFabGDK\inc\playfab</Filter>
    </ClInclude>
    <ClInclude Include="..\..\..\Kits\PlayFabGDK\include\playfab\PlayFabExperimentationInstanceApi.h">
      <Filter>PlayFabGDK\inc\playfab</Filter>
    </ClInclude>
    <ClInclude Include="..\..\..\Kits\PlayFabGDK\include\playfab\PlayFabGroupsApi.h">
      <Filter>PlayFabGDK\inc\playfab</Filter>
    </ClInclude>
    <ClInclude Include="..\..\..\Kits\PlayFabGDK\include\playfab\PlayFabGroupsDataModels.h">
      <Filter>PlayFabGDK\inc\playfab</Filter>
    </ClInclude>
    <ClInclude Include="..\..\..\Kits\PlayFabGDK\include\playfab\PlayFabGroupsInstanceApi.h">
      <Filter>PlayFabGDK\inc\playfab</Filter>
    </ClInclude>
    <ClInclude Include="..\..\..\Kits\PlayFabGDK\include\playfab\PlayFabInsightsApi.h">
      <Filter>PlayFabGDK\inc\playfab</Filter>
    </ClInclude>
    <ClInclude Include="..\..\..\Kits\PlayFabGDK\include\playfab\PlayFabInsightsDataModels.h">
      <Filter>PlayFabGDK\inc\playfab</Filter>
    </ClInclude>
    <ClInclude Include="..\..\..\Kits\PlayFabGDK\include\playfab\PlayFabInsightsInstanceApi.h">
      <Filter>PlayFabGDK\inc\playfab</Filter>
    </ClInclude>
    <ClInclude Include="..\..\..\Kits\PlayFabGDK\include\playfab\PlayFabIOSHttpPlugin.h">
      <Filter>PlayFabGDK\inc\playfab</Filter>
    </ClInclude>
    <ClInclude Include="..\..\..\Kits\PlayFabGDK\include\playfab\PlayFabIXHR2HttpPlugin.h">
      <Filter>PlayFabGDK\inc\playfab</Filter>
    </ClInclude>
    <ClInclude Include="..\..\..\Kits\PlayFabGDK\include\playfab\PlayFabIXHR2HttpRequest.h">
      <Filter>PlayFabGDK\inc\playfab</Filter>
    </ClInclude>
    <ClInclude Include="..\..\..\Kits\PlayFabGDK\include\playfab\PlayFabJsonHeaders.h">
      <Filter>PlayFabGDK\inc\playfab</Filter>
    </ClInclude>
    <ClInclude Include="..\..\..\Kits\PlayFabGDK\include\playfab\PlayFabLocalizationApi.h">
      <Filter>PlayFabGDK\inc\playfab</Filter>
    </ClInclude>
    <ClInclude Include="..\..\..\Kits\PlayFabGDK\include\playfab\PlayFabLocalizationDataModels.h">
      <Filter>PlayFabGDK\inc\playfab</Filter>
    </ClInclude>
    <ClInclude Include="..\..\..\Kits\PlayFabGDK\include\playfab\PlayFabLocalizationInstanceApi.h">
      <Filter>PlayFabGDK\inc\playfab</Filter>
    </ClInclude>
    <ClInclude Include="..\..\..\Kits\PlayFabGDK\include\playfab\PlayFabMatchmakerApi.h">
      <Filter>PlayFabGDK\inc\playfab</Filter>
    </ClInclude>
    <ClInclude Include="..\..\..\Kits\PlayFabGDK\include\playfab\PlayFabMatchmakerDataModels.h">
      <Filter>PlayFabGDK\inc\playfab</Filter>
    </ClInclude>
    <ClInclude Include="..\..\..\Kits\PlayFabGDK\include\playfab\PlayFabMatchmakerInstanceApi.h">
      <Filter>PlayFabGDK\inc\playfab</Filter>
    </ClInclude>
    <ClInclude Include="..\..\..\Kits\PlayFabGDK\include\playfab\PlayFabMultiplayerApi.h">
      <Filter>PlayFabGDK\inc\playfab</Filter>
    </ClInclude>
    <ClInclude Include="..\..\..\Kits\PlayFabGDK\include\playfab\PlayFabMultiplayerDataModels.h">
      <Filter>PlayFabGDK\inc\playfab</Filter>
    </ClInclude>
    <ClInclude Include="..\..\..\Kits\PlayFabGDK\include\playfab\PlayFabMultiplayerInstanceApi.h">
      <Filter>PlayFabGDK\inc\playfab</Filter>
    </ClInclude>
    <ClInclude Include="..\..\..\Kits\PlayFabGDK\include\playfab\PlayFabPlatformMacros.h">
      <Filter>PlayFabGDK\inc\playfab</Filter>
    </ClInclude>
    <ClInclude Include="..\..\..\Kits\PlayFabGDK\include\playfab\PlayFabPlatformTypes.h">
      <Filter>PlayFabGDK\inc\playfab</Filter>
    </ClInclude>
    <ClInclude Include="..\..\..\Kits\PlayFabGDK\include\playfab\PlayFabPlatformUtils.h">
      <Filter>PlayFabGDK\inc\playfab</Filter>
    </ClInclude>
    <ClInclude Include="..\..\..\Kits\PlayFabGDK\include\playfab\PlayFabPluginManager.h">
      <Filter>PlayFabGDK\inc\playfab</Filter>
    </ClInclude>
    <ClInclude Include="..\..\..\Kits\PlayFabGDK\include\playfab\PlayFabProfilesApi.h">
      <Filter>PlayFabGDK\inc\playfab</Filter>
    </ClInclude>
    <ClInclude Include="..\..\..\Kits\PlayFabGDK\include\playfab\PlayFabProfilesDataModels.h">
      <Filter>PlayFabGDK\inc\playfab</Filter>
    </ClInclude>
    <ClInclude Include="..\..\..\Kits\PlayFabGDK\include\playfab\PlayFabProfilesInstanceApi.h">
      <Filter>PlayFabGDK\inc\playfab</Filter>
    </ClInclude>
    <ClInclude Include="..\..\..\Kits\PlayFabGDK\include\playfab\PlayFabServerApi.h">
      <Filter>PlayFabGDK\inc\playfab</Filter>
    </ClInclude>
    <ClInclude Include="..\..\..\Kits\PlayFabGDK\include\playfab\PlayFabServerDataModels.h">
      <Filter>PlayFabGDK\inc\playfab</Filter>
    </ClInclude>
    <ClInclude Include="..\..\..\Kits\PlayFabGDK\include\playfab\PlayFabServerInstanceApi.h">
      <Filter>PlayFabGDK\inc\playfab</Filter>
    </ClInclude>
    <ClInclude Include="..\..\..\Kits\PlayFabGDK\include\playfab\PlayFabSettings.h">
      <Filter>PlayFabGDK\inc\playfab</Filter>
    </ClInclude>
    <ClInclude Include="..\..\..\Kits\PlayFabGDK\include\playfab\PlayFabSpinLock.h">
      <Filter>PlayFabGDK\inc\playfab</Filter>
    </ClInclude>
    <ClInclude Include="..\..\..\Kits\PlayFabGDK\include\playfab\PlayFabTransportHeaders.h">
      <Filter>PlayFabGDK\inc\playfab</Filter>
    </ClInclude>
    <ClInclude Include="..\..\..\Kits\PlayFabGDK\include\playfab\PlayFabWinHttpPlugin.h">
      <Filter>PlayFabGDK\inc\playfab</Filter>
    </ClInclude>
    <ClInclude Include="..\..\..\Kits\PlayFabGDK\include\playfab\QoS\PingResult.h">
      <Filter>PlayFabGDK\inc\playfab\qos</Filter>
    </ClInclude>
    <ClInclude Include="..\..\..\Kits\PlayFabGDK\include\playfab\QoS\PlayFabQoSApi.h">
      <Filter>PlayFabGDK\inc\playfab\qos</Filter>
    </ClInclude>
    <ClInclude Include="..\..\..\Kits\PlayFabGDK\include\playfab\QoS\QoS.h">
      <Filter>PlayFabGDK\inc\playfab\qos</Filter>
    </ClInclude>
    <ClInclude Include="..\..\..\Kits\PlayFabGDK\include\playfab\QoS\QoSResult.h">
      <Filter>PlayFabGDK\inc\playfab\qos</Filter>
    </ClInclude>
    <ClInclude Include="..\..\..\Kits\PlayFabGDK\include\playfab\QoS\QoSSocket.h">
      <Filter>PlayFabGDK\inc\playfab\qos</Filter>
    </ClInclude>
    <ClInclude Include="..\..\..\Kits\PlayFabGDK\include\playfab\QoS\RegionResult.h">
      <Filter>PlayFabGDK\inc\playfab\qos</Filter>
    </ClInclude>
    <ClInclude Include="..\..\..\Kits\PlayFabGDK\include\playfab\QoS\XPlatSocket.h">
      <Filter>PlayFabGDK\inc\playfab\qos</Filter>
    </ClInclude>
    <ClInclude Include="ILoggingInterface.h" />
    <ClInclude Include="..\..\..\Kits\ATGTK\Texture.h">
      <Filter>ATG Tool Kit</Filter>
    </ClInclude>
  </ItemGroup>
  <ItemGroup>
    <ClCompile Include="pch.cpp" />
    <ClCompile Include="PlayFabMatchmaking_Xbox.cpp" />
    <ClCompile Include="Main.cpp" />
    <ClCompile Include="DeviceResources.cpp">
      <Filter>Common</Filter>
    </ClCompile>
    <ClCompile Include="..\..\..\Kits\ATGTelemetry\GDK\ATGTelemetry.cpp">
      <Filter>ATG Tool Kit</Filter>
    </ClCompile>
    <ClCompile Include="..\..\..\Kits\ATGTK\StringUtil.cpp">
      <Filter>ATG Tool Kit</Filter>
    </ClCompile>
    <ClCompile Include="PlayFabMatchmakingManager.cpp">
      <Filter>Matchmaking</Filter>
    </ClCompile>
    <ClCompile Include="..\..\..\Kits\LiveTK\LiveInfoHUD.cpp">
      <Filter>Live Tool Kit</Filter>
    </ClCompile>
    <ClCompile Include="..\..\..\Kits\LiveTK\LiveResources.cpp">
      <Filter>Live Tool Kit</Filter>
    </ClCompile>
    <ClCompile Include="AsyncStatusWidget.cpp">
      <Filter>UI</Filter>
    </ClCompile>
    <ClCompile Include="SampleLogic.cpp">
      <Filter>SampleLogic</Filter>
    </ClCompile>
    <ClCompile Include="..\..\..\Kits\ATGTK\Texture.cpp">
      <Filter>ATG Tool Kit</Filter>
    </ClCompile>
  </ItemGroup>
  <ItemGroup>
    <MGCCompile Include="MicrosoftGame.Config" />
  </ItemGroup>
  <ItemGroup>
    <CopyFileToFolders Include="Assets\UILayout.json">
      <Filter>Assets</Filter>
    </CopyFileToFolders>
    <CopyFileToFolders Include="Assets\Logo.png">
      <Filter>Assets</Filter>
    </CopyFileToFolders>
    <CopyFileToFolders Include="Assets\LargeLogo.png">
      <Filter>Assets</Filter>
    </CopyFileToFolders>
    <CopyFileToFolders Include="Assets\SmallLogo.png">
      <Filter>Assets</Filter>
    </CopyFileToFolders>
    <CopyFileToFolders Include="Assets\SplashScreen.png">
      <Filter>Assets</Filter>
    </CopyFileToFolders>
    <CopyFileToFolders Include="Assets\StoreLogo.png">
      <Filter>Assets</Filter>
    </CopyFileToFolders>
    <CopyFileToFolders Include="Assets\Layouts\console-window.json">
      <Filter>Assets\Layouts</Filter>
    </CopyFileToFolders>
    <CopyFileToFolders Include="Assets\Layouts\sample-styles.json">
      <Filter>Assets\Layouts</Filter>
    </CopyFileToFolders>
    <CopyFileToFolders Include="Assets\Layouts\level-slider.json">
      <Filter>Assets\Layouts</Filter>
    </CopyFileToFolders>
    <CopyFileToFolders Include="Assets\Layouts\menu-button.json">
      <Filter>Assets\Layouts</Filter>
    </CopyFileToFolders>
    <CopyFileToFolders Include="Assets\Layouts\async-status.json">
      <Filter>Assets\Layouts</Filter>
    </CopyFileToFolders>
    <CopyFileToFolders Include="Assets\textures\focused_button.png">
      <Filter>Assets\Textures</Filter>
    </CopyFileToFolders>
    <CopyFileToFolders Include="..\..\..\Media\Fonts\XboxOneControllerLegendSmall.spritefont">
      <Filter>Assets\Fonts</Filter>
    </CopyFileToFolders>
    <CopyFileToFolders Include="Assets\textures\black-square.png">
      <Filter>Assets</Filter>
    </CopyFileToFolders>
    <CopyFileToFolders Include="Assets\textures\debug-rect.png">
      <Filter>Assets</Filter>
    </CopyFileToFolders>
    <CopyFileToFolders Include="Assets\textures\Icon_LB.DDS">
      <Filter>Assets</Filter>
    </CopyFileToFolders>
    <CopyFileToFolders Include="Assets\textures\Icon_RB.DDS">
      <Filter>Assets</Filter>
    </CopyFileToFolders>
    <CopyFileToFolders Include="Assets\textures\roundy-border.png">
      <Filter>Assets</Filter>
    </CopyFileToFolders>
    <CopyFileToFolders Include="Assets\textures\Selected.DDS">
      <Filter>Assets</Filter>
    </CopyFileToFolders>
    <CopyFileToFolders Include="Assets\textures\Unselected.DDS">
      <Filter>Assets</Filter>
    </CopyFileToFolders>
    <CopyFileToFolders Include="..\..\..\Media\Fonts\SegoeUI_18.spritefont">
      <Filter>Assets\Fonts</Filter>
    </CopyFileToFolders>
    <CopyFileToFolders Include="..\..\..\Media\Fonts\SegoeUI_18_Bold.spritefont">
      <Filter>Assets\Fonts</Filter>
    </CopyFileToFolders>
    <CopyFileToFolders Include="..\..\..\Media\Fonts\SegoeUI_18_Italic.spritefont">
      <Filter>Assets\Fonts</Filter>
    </CopyFileToFolders>
    <CopyFileToFolders Include="..\..\..\Media\Fonts\SegoeUI_24_Bold.spritefont">
      <Filter>Assets\Fonts</Filter>
    </CopyFileToFolders>
    <CopyFileToFolders Include="..\..\..\Media\Fonts\Courier_16.spritefont">
      <Filter>Assets\Fonts</Filter>
    </CopyFileToFolders>
    <CopyFileToFolders Include="..\..\..\Media\Fonts\Courier_36.spritefont">
      <Filter>Assets\Fonts</Filter>
    </CopyFileToFolders>
    <CopyFileToFolders Include="..\..\..\Media\Fonts\SegoeUI_36.spritefont">
      <Filter>Assets\Fonts</Filter>
    </CopyFileToFolders>
  </ItemGroup>
  <ItemGroup>
    <Image Include="..\..\..\Media\Textures\GamerPic.png">
      <Filter>Live Tool Kit</Filter>
    </Image>
  </ItemGroup>
  <ItemGroup>
    <None Include="ReadMe.docx" />
    <None Include="..\..\..\Kits\PlayFabGDK\lib\Gaming.Xbox.Scarlett.x64\Debug\lib_json.pdb">
      <Filter>PlayFabGDK\lib\Gaming.Xbox.Scarlett.x64\Debug</Filter>
    </None>
    <None Include="..\..\..\Kits\PlayFabGDK\lib\Gaming.Xbox.Scarlett.x64\Debug\XPlatCppGdk.pdb">
      <Filter>PlayFabGDK\lib\Gaming.Xbox.Scarlett.x64\Debug</Filter>
    </None>
    <None Include="..\..\..\Kits\PlayFabGDK\lib\Gaming.Xbox.XboxOne.x64\Debug\lib_json.pdb">
      <Filter>PlayFabGDK\lib\Gaming.Xbox.XboxOne.x64\Debug</Filter>
    </None>
    <None Include="..\..\..\Kits\PlayFabGDK\lib\Gaming.Xbox.XboxOne.x64\Debug\XPlatCppGdk.pdb">
      <Filter>PlayFabGDK\lib\Gaming.Xbox.XboxOne.x64\Debug</Filter>
    </None>
  </ItemGroup>
  <ItemGroup>
    <Library Include="..\..\..\Kits\PlayFabGDK\lib\Gaming.Xbox.Scarlett.x64\Debug\lib_json.lib">
      <Filter>PlayFabGDK\lib\Gaming.Xbox.Scarlett.x64\Debug</Filter>
    </Library>
    <Library Include="..\..\..\Kits\PlayFabGDK\lib\Gaming.Xbox.Scarlett.x64\Debug\XPlatCppGdk.lib">
      <Filter>PlayFabGDK\lib\Gaming.Xbox.Scarlett.x64\Debug</Filter>
    </Library>
    <Library Include="..\..\..\Kits\PlayFabGDK\lib\Gaming.Xbox.Scarlett.x64\Release\lib_json.lib">
      <Filter>PlayFabGDK\lib\Gaming.Xbox.Scarlett.x64\Release</Filter>
    </Library>
    <Library Include="..\..\..\Kits\PlayFabGDK\lib\Gaming.Xbox.Scarlett.x64\Release\XPlatCppGdk.lib">
      <Filter>PlayFabGDK\lib\Gaming.Xbox.Scarlett.x64\Release</Filter>
    </Library>
    <Library Include="..\..\..\Kits\PlayFabGDK\lib\Gaming.Xbox.XboxOne.x64\Debug\lib_json.lib">
      <Filter>PlayFabGDK\lib\Gaming.Xbox.XboxOne.x64\Debug</Filter>
    </Library>
    <Library Include="..\..\..\Kits\PlayFabGDK\lib\Gaming.Xbox.XboxOne.x64\Debug\XPlatCppGdk.lib">
      <Filter>PlayFabGDK\lib\Gaming.Xbox.XboxOne.x64\Debug</Filter>
    </Library>
    <Library Include="..\..\..\Kits\PlayFabGDK\lib\Gaming.Xbox.XboxOne.x64\Release\lib_json.lib">
      <Filter>PlayFabGDK\lib\Gaming.Xbox.XboxOne.x64\Release</Filter>
    </Library>
    <Library Include="..\..\..\Kits\PlayFabGDK\lib\Gaming.Xbox.XboxOne.x64\Release\XPlatCppGdk.lib">
      <Filter>PlayFabGDK\lib\Gaming.Xbox.XboxOne.x64\Release</Filter>
    </Library>
  </ItemGroup>
</Project>